PODS:
  - FlutterMacOS (1.0.0)
  - MMKV (2.3.0):
    - MMKVCore (~> 2.3.0)
  - mmkv_ios (2.3.0):
    - Flutter
    - FlutterMacOS
    - MMKV (< 2.4, >= 2.3.0)
  - MMKVCore (2.3.0)

DEPENDENCIES:
  - FlutterMacOS (from `Flutter/ephemeral`)
  - mmkv_ios (from `Flutter/ephemeral/.symlinks/plugins/mmkv_ios/darwin`)

SPEC REPOS:
  trunk:
    - MMKV
    - MMKVCore

EXTERNAL SOURCES:
  FlutterMacOS:
    :path: Flutter/ephemeral
  mmkv_ios:
    :path: Flutter/ephemeral/.symlinks/plugins/mmkv_ios/darwin

SPEC CHECKSUMS:
  FlutterMacOS: d0db08ddef1a9af05a5ec4b724367152bb0500b1
  MMKV: c953dbaac0da392c24b005e763c03ce2638b4ed7
  mmkv_ios: b8849045b0f19a88abd6302378b84543a1c1e1dc
  MMKVCore: d078dce7d6586a888b2c2ef5343b6242678e3ee8

PODFILE CHECKSUM: 54d867c82ac51cbd61b565781b9fada492027009

COCOAPODS: 1.16.2
